{
  "name": "day9",
  "version": "1.0.0",
  "lockfileVersion": 2,
  "requires": true,
  "packages": {
    "": {
      "name": "day9",
      "version": "1.0.0",
      "license": "ISC",
      "dependencies": {
        "generatorics": "^1.1.0"
      }
    },
    "node_modules/generatorics": {
      "version": "1.1.0",
      "resolved": "https://registry.npmjs.org/generatorics/-/generatorics-1.1.0.tgz",
      "integrity": "sha512-LuYDCS1DbKQsvChP1xHmAzHnGdd0z0K1XMebmbNbFzGZI62KODnV2CXA7zOqebiDzlK2sxXrPGfwlDzSm9aP4g==",
      "engines": {
        "node": ">=6.0.0"
      }
    }
  },
  "dependencies": {
    "generatorics": {
      "version": "1.1.0",
      "resolved": "https://registry.npmjs.org/generatorics/-/generatorics-1.1.0.tgz",
      "integrity": "sha512-LuYDCS1DbKQsvChP1xHmAzHnGdd0z0K1XMebmbNbFzGZI62KODnV2CXA7zOqebiDzlK2sxXrPGfwlDzSm9aP4g=="
    }
  }
}
